github.com/lib/pq v1.10.9 h1:YXG7RB+JIjhP29X+OtkiDnYaXQwpS4JEWq7dtCCRUEw=
github.com/lib/pq v1.10.9/go.mod h1:AlVN5x4E4T544tWzH6hKfbfQvm3HdbOxrmggDNAPY9o=
github.com/twmb/franz-go v1.18.0 h1:25FjMZfdozBywVX+5xrWC2W+W76i0xykKjTdEeD2ejw=
github.com/twmb/franz-go v1.18.0/go.mod h1:zXCGy74M0p5FbXsLeASdyvfLFsBvTubVqctIaa5wQ+I=
